
Microsoft Visual Studio Solution File, Format Version 12.00
# Visual Studio Version 17
VisualStudioVersion = 17.5.33414.496
MinimumVisualStudioVersion = 10.0.40219.1
Project("{9A19103F-16F7-4668-BE54-9A1E7A4F7556}") = "Parser.Core", "Parser.Core\Parser.Core.csproj", "{1D1990C6-EA45-4C5B-9CD8-4C56FC5ADAEE}"
EndProject
Project("{FAE04EC0-301F-11D3-BF4B-00C04F79EFBC}") = "Parser.Test", "..\Parser.Test\Parser.Test.csproj", "{05632C91-7259-418C-819E-47F01687526E}"
EndProject
Global
	GlobalSection(SolutionConfigurationPlatforms) = preSolution
		Debug|Any CPU = Debug|Any CPU
		Release|Any CPU = Release|Any CPU
	EndGlobalSection
	GlobalSection(ProjectConfigurationPlatforms) = postSolution
		{1D1990C6-EA45-4C5B-9CD8-4C56FC5ADAEE}.Debug|Any CPU.ActiveCfg = Debug|Any CPU
		{1D1990C6-EA45-4C5B-9CD8-4C56FC5ADAEE}.Debug|Any CPU.Build.0 = Debug|Any CPU
		{1D1990C6-EA45-4C5B-9CD8-4C56FC5ADAEE}.Release|Any CPU.ActiveCfg = Release|Any CPU
		{1D1990C6-EA45-4C5B-9CD8-4C56FC5ADAEE}.Release|Any CPU.Build.0 = Release|Any CPU
		{05632C91-7259-418C-819E-47F01687526E}.Debug|Any CPU.ActiveCfg = Debug|Any CPU
		{05632C91-7259-418C-819E-47F01687526E}.Debug|Any CPU.Build.0 = Debug|Any CPU
		{05632C91-7259-418C-819E-47F01687526E}.Release|Any CPU.ActiveCfg = Release|Any CPU
		{05632C91-7259-418C-819E-47F01687526E}.Release|Any CPU.Build.0 = Release|Any CPU
	EndGlobalSection
	GlobalSection(SolutionProperties) = preSolution
		HideSolutionNode = FALSE
	EndGlobalSection
	GlobalSection(ExtensibilityGlobals) = postSolution
		SolutionGuid = {5D7E8A54-315E-4210-8F49-0B97453FCD9A}
	EndGlobalSection
EndGlobal
